
Microsoft Visual Studio Solution File, Format Version 12.00
# Visual Studio Version 17
VisualStudioVersion = 17.9.34902.65
MinimumVisualStudioVersion = 10.0.40219.1
Project("{FAE04EC0-301F-11D3-BF4B-00C04F79EFBC}") = "ShoppingCartApplicationBackend", "ShoppingCartApplicationBackend\ShoppingCartApplicationBackend.csproj", "{1DFA7FA4-983B-43DF-86ED-BBF18851145B}"
EndProject
Global
	GlobalSection(SolutionConfigurationPlatforms) = preSolution
		Debug|Any CPU = Debug|Any CPU
		Release|Any CPU = Release|Any CPU
	EndGlobalSection
	GlobalSection(ProjectConfigurationPlatforms) = postSolution
		{1DFA7FA4-983B-43DF-86ED-BBF18851145B}.Debug|Any CPU.ActiveCfg = Debug|Any CPU
		{1DFA7FA4-983B-43DF-86ED-BBF18851145B}.Debug|Any CPU.Build.0 = Debug|Any CPU
		{1DFA7FA4-983B-43DF-86ED-BBF18851145B}.Release|Any CPU.ActiveCfg = Release|Any CPU
		{1DFA7FA4-983B-43DF-86ED-BBF18851145B}.Release|Any CPU.Build.0 = Release|Any CPU
	EndGlobalSection
	GlobalSection(SolutionProperties) = preSolution
		HideSolutionNode = FALSE
	EndGlobalSection
	GlobalSection(ExtensibilityGlobals) = postSolution
		SolutionGuid = {F39A1F35-5EEA-4153-8EF4-11D56FE4DE33}
	EndGlobalSection
EndGlobal
